
Microsoft Visual Studio Solution File, Format Version 12.00
# Visual Studio 15
VisualStudioVersion = 15.0.27130.2010
MinimumVisualStudioVersion = 10.0.40219.1
Project("{FAE04EC0-301F-11D3-BF4B-00C04F79EFBC}") = "DiceBot", "DiceBot\DiceBot.csproj", "{D9630A76-8438-4159-9E08-89717FBA18B2}"
EndProject
Global
	GlobalSection(SolutionConfigurationPlatforms) = preSolution
		Debug|Any CPU = Debug|Any CPU
		Release|Any CPU = Release|Any CPU
	EndGlobalSection
	GlobalSection(ProjectConfigurationPlatforms) = postSolution
		{D9630A76-8438-4159-9E08-89717FBA18B2}.Debug|Any CPU.ActiveCfg = Debug|Any CPU
		{D9630A76-8438-4159-9E08-89717FBA18B2}.Debug|Any CPU.Build.0 = Debug|Any CPU
		{D9630A76-8438-4159-9E08-89717FBA18B2}.Release|Any CPU.ActiveCfg = Release|Any CPU
		{D9630A76-8438-4159-9E08-89717FBA18B2}.Release|Any CPU.Build.0 = Release|Any CPU
	EndGlobalSection
	GlobalSection(SolutionProperties) = preSolution
		HideSolutionNode = FALSE
	EndGlobalSection
	GlobalSection(ExtensibilityGlobals) = postSolution
		SolutionGuid = {D4E27325-E642-4243-B35A-1918A6F14581}
	EndGlobalSection
EndGlobal
